{
  "name": "nextjs",
  "version": "0.1.0",
  "lockfileVersion": 2,
  "requires": true,
  "packages": {
    "": {
      "devDependencies": {
        "tailwindcss": "^3.4.1",
        "postcss": "^8.4.6",
        "autoprefixer": "^10.4.2"
      },
      "dependencies": {
        "next": "13.4.19",
        "react": "18.2.0",
        "react-dom": "18.2.0",
        "canvas-confetti": "^1.6.0"
      }
    }
  }
}
